{
  "originHash" : "5108983c5753fde7e784f97d399daf26cf28ffc3e3c0b210d4562b5316b29042",
  "pins" : [
    {
      "identity" : "boardingpasskit",
      "kind" : "remoteSourceControl",
      "location" : "https://github.com/anomaddev/BoardingPassKit.git",
      "state" : {
        "revision" : "a4e791e1354f31b6e8156713caf09fd392b51f60",
        "version" : "0.9.4"
      }
    },
    {
      "identity" : "swiftdate",
      "kind" : "remoteSourceControl",
      "location" : "https://github.com/malcommac/SwiftDate.git",
      "state" : {
        "revision" : "5d943224c3bb173e6ecf27295611615eba90c80e",
        "version" : "7.0.0"
      }
    },
    {
      "identity" : "zipfoundation",
      "kind" : "remoteSourceControl",
      "location" : "https://github.com/weichsel/ZIPFoundation",
      "state" : {
        "revision" : "02b6abe5f6eef7e3cbd5f247c5cc24e246efcfe0",
        "version" : "0.9.19"
      }
    }
  ],
  "version" : 3
}
